// !$*UTF8*$!
{
	archiveVersion = 1;
	classes = {
	};
	objectVersion = 46;
	objects = {

/* Begin PBXBuildFile section */
		16AF7BBD1E6E3C5D00E8C502 /* main.m in Sources */ = {isa = PBXBuildFile; fileRef = 16AF7BBC1E6E3C5D00E8C502 /* main.m */; };
		16AF7BC51E6E3C6D00E8C502 /* Atleta.m in Sources */ = {isa = PBXBuildFile; fileRef = 16AF7BC41E6E3C6D00E8C502 /* Atleta.m */; };
/* End PBXBuildFile section */

/* Begin PBXCopyFilesBuildPhase section */
		16AF7BB71E6E3C5D00E8C502 /* CopyFiles */ = {
			isa = PBXCopyFilesBuildPhase;
			buildActionMask = 2147483647;
			dstPath = /usr/share/man/man1/;
			dstSubfolderSpec = 0;
			files = (
			);
			runOnlyForDeploymentPostprocessing = 1;
		};
/* End PBXCopyFilesBuildPhase section */

/* Begin PBXFileReference section */
		16AF7BB91E6E3C5D00E8C502 /* Exemplo Classes */ = {isa = PBXFileReference; explicitFileType = "compiled.mach-o.executable"; includeInIndex = 0; path = "Exemplo Classes"; sourceTree = BUILT_PRODUCTS_DIR; };
		16AF7BBC1E6E3C5D00E8C502 /* main.m */ = {isa = PBXFileReference; lastKnownFileType = sourcecode.c.objc; path = main.m; sourceTree = "<group>"; };
		16AF7BC31E6E3C6D00E8C502 /* Atleta.h */ = {isa = PBXFileReference; fileEncoding = 4; lastKnownFileType = sourcecode.c.h; path = Atleta.h; sourceTree = "<group>"; };
		16AF7BC41E6E3C6D00E8C502 /* Atleta.m */ = {isa = PBXFileReference; fileEncoding = 4; lastKnownFileType = sourcecode.c.objc; path = Atleta.m; sourceTree = "<group>"; };
/* End PBXFileReference section */

/* Begin PBXFrameworksBuildPhase section */
		16AF7BB61E6E3C5D00E8C502 /* Frameworks */ = {
			isa = PBXFrameworksBuildPhase;
			buildActionMask = 2147483647;
			files = (
			);
			runOnlyForDeploymentPostprocessing = 0;
		};
/* End PBXFrameworksBuildPhase section */

/* Begin PBXGroup section */
		16AF7BB01E6E3C5D00E8C502 = {
			isa = PBXGroup;
			children = (
				16AF7BBB1E6E3C5D00E8C502 /* Exemplo Classes */,
				16AF7BBA1E6E3C5D00E8C502 /* Products */,
			);
			sourceTree = "<group>";
		};
		16AF7BBA1E6E3C5D00E8C502 /* Products */ = {
			isa = PBXGroup;
			children = (
				16AF7BB91E6E3C5D00E8C502 /* Exemplo Classes */,
			);
			name = Products;
			sourceTree = "<group>";
		};
		16AF7BBB1E6E3C5D00E8C502 /* Exemplo Classes */ = {
			isa = PBXGroup;
			children = (
				16AF7BBC1E6E3C5D00E8C502 /* main.m */,
				16AF7BC31E6E3C6D00E8C502 /* Atleta.h */,
				16AF7BC41E6E3C6D00E8C502 /* Atleta.m */,
			);
			path = "Exemplo Classes";
			sourceTree = "<group>";
		};
/* End PBXGroup section */

/* Begin PBXNativeTarget section */
		16AF7BB81E6E3C5D00E8C502 /* Exemplo Classes */ = {
			isa = PBXNativeTarget;
			buildConfigurationList = 16AF7BC01E6E3C5D00E8C502 /* Build configuration list for PBXNativeTarget "Exemplo Classes" */;
			buildPhases = (
				16AF7BB51E6E3C5D00E8C502 /* Sources */,
				16AF7BB61E6E3C5D00E8C502 /* Frameworks */,
				16AF7BB71E6E3C5D00E8C502 /* CopyFiles */,
			);
			buildRules = (
			);
			dependencies = (
			);
			name = "Exemplo Classes";
			productName = "Exemplo Classes";
			productReference = 16AF7BB91E6E3C5D00E8C502 /* Exemplo Classes */;
			productType = "com.apple.product-type.tool";
		};
/* End PBXNativeTarget section */

/* Begin PBXProject section */
		16AF7BB11E6E3C5D00E8C502 /* Project object */ = {
			isa = PBXProject;
			attributes = {
				LastUpgradeCheck = 0820;
				ORGANIZATIONNAME = "Lucas Tavares";
				TargetAttributes = {
					16AF7BB81E6E3C5D00E8C502 = {
						CreatedOnToolsVersion = 8.2.1;
						ProvisioningStyle = Automatic;
					};
				};
			};
			buildConfigurationList = 16AF7BB41E6E3C5D00E8C502 /* Build configuration list for PBXProject "Exemplo Classes" */;
			compatibilityVersion = "Xcode 3.2";
			developmentRegion = English;
			hasScannedForEncodings = 0;
			knownRegions = (
				en,
			);
			mainGroup = 16AF7BB01E6E3C5D00E8C502;
			productRefGroup = 16AF7BBA1E6E3C5D00E8C502 /* Products */;
			projectDirPath = "";
			projectRoot = "";
			targets = (
				16AF7BB81E6E3C5D00E8C502 /* Exemplo Classes */,
			);
		};
/* End PBXProject section */

/* Begin PBXSourcesBuildPhase section */
		16AF7BB51E6E3C5D00E8C502 /* Sources */ = {
			isa = PBXSourcesBuildPhase;
			buildActionMask = 2147483647;
			files = (
				16AF7BC51E6E3C6D00E8C502 /* Atleta.m in Sources */,
				16AF7BBD1E6E3C5D00E8C502 /* main.m in Sources */,
			);
			runOnlyForDeploymentPostprocessing = 0;
		};
/* End PBXSourcesBuildPhase section */

/* Begin XCBuildConfiguration section */
		16AF7BBE1E6E3C5D00E8C502 /* Debug */ = {
			isa = XCBuildConfiguration;
			buildSettings = {
				ALWAYS_SEARCH_USER_PATHS = NO;
				CLANG_ANALYZER_NONNULL = YES;
				CLANG_CXX_LANGUAGE_STANDARD = "gnu++0x";
				CLANG_CXX_LIBRARY = "libc++";
				CLANG_ENABLE_MODULES = YES;
				CLANG_ENABLE_OBJC_ARC = YES;
				CLANG_WARN_BOOL_CONVERSION = YES;
				CLANG_WARN_CONSTANT_CONVERSION = YES;
				CLANG_WARN_DIRECT_OBJC_ISA_USAGE = YES_ERROR;
				CLANG_WARN_DOCUMENTATION_COMMENTS = YES;
				CLANG_WARN_EMPTY_BODY = YES;
				CLANG_WARN_ENUM_CONVERSION = YES;
				CLANG_WARN_INFINITE_RECURSION = YES;
				CLANG_WARN_INT_CONVERSION = YES;
				CLANG_WARN_OBJC_ROOT_CLASS = YES_ERROR;
				CLANG_WARN_SUSPICIOUS_MOVE = YES;
				CLANG_WARN_UNREACHABLE_CODE = YES;
				CLANG_WARN__DUPLICATE_METHOD_MATCH = YES;
				CODE_SIGN_IDENTITY = "-";
				COPY_PHASE_STRIP = NO;
				DEBUG_INFORMATION_FORMAT = dwarf;
				ENABLE_STRICT_OBJC_MSGSEND = YES;
				ENABLE_TESTABILITY = YES;
				GCC_C_LANGUAGE_STANDARD = gnu99;
				GCC_DYNAMIC_NO_PIC = NO;
				GCC_NO_COMMON_BLOCKS = YES;
				GCC_OPTIMIZATION_LEVEL = 0;
				GCC_PREPROCESSOR_DEFINITIONS = (
					"DEBUG=1",
					"$(inherited)",
				);
				GCC_WARN_64_TO_32_BIT_CONVERSION = YES;
				GCC_WARN_ABOUT_RETURN_TYPE = YES_ERROR;
				GCC_WARN_UNDECLARED_SELECTOR = YES;
				GCC_WARN_UNINITIALIZED_AUTOS = YES_AGGRESSIVE;
				GCC_WARN_UNUSED_FUNCTION = YES;
				GCC_WARN_UNUSED_VARIABLE = YES;
				MACOSX_DEPLOYMENT_TARGET = 10.12;
				MTL_ENABLE_DEBUG_INFO = YES;
				ONLY_ACTIVE_ARCH = YES;
				SDKROOT = macosx;
			};
			name = Debug;
		};
		16AF7BBF1E6E3C5D00E8C502 /* Release */ = {
			isa = XCBuildConfiguration;
			buildSettings = {
				ALWAYS_SEARCH_USER_PATHS = NO;
				CLANG_ANALYZER_NONNULL = YES;
				CLANG_CXX_LANGUAGE_STANDARD = "gnu++0x";
				CLANG_CXX_LIBRARY = "libc++";
				CLANG_ENABLE_MODULES = YES;
				CLANG_ENABLE_OBJC_ARC = YES;
				CLANG_WARN_BOOL_CONVERSION = YES;
				CLANG_WARN_CONSTANT_CONVERSION = YES;
				CLANG_WARN_DIRECT_OBJC_ISA_USAGE = YES_ERROR;
				CLANG_WARN_DOCUMENTATION_COMMENTS = YES;
				CLANG_WARN_EMPTY_BODY = YES;
				CLANG_WARN_ENUM_CONVERSION = YES;
				CLANG_WARN_INFINITE_RECURSION = YES;
				CLANG_WARN_INT_CONVERSION = YES;
				CLANG_WARN_OBJC_ROOT_CLASS = YES_ERROR;
				CLANG_WARN_SUSPICIOUS_MOVE = YES;
				CLANG_WARN_UNREACHABLE_CODE = YES;
				CLANG_WARN__DUPLICATE_METHOD_MATCH = YES;
				CODE_SIGN_IDENTITY = "-";
				COPY_PHASE_STRIP = NO;
				DEBUG_INFORMATION_FORMAT = "dwarf-with-dsym";
				ENABLE_NS_ASSERTIONS = NO;
				ENABLE_STRICT_OBJC_MSGSEND = YES;
				GCC_C_LANGUAGE_STANDARD = gnu99;
				GCC_NO_COMMON_BLOCKS = YES;
				GCC_WARN_64_TO_32_BIT_CONVERSION = YES;
				GCC_WARN_ABOUT_RETURN_TYPE = YES_ERROR;
				GCC_WARN_UNDECLARED_SELECTOR = YES;
				GCC_WARN_UNINITIALIZED_AUTOS = YES_AGGRESSIVE;
				GCC_WARN_UNUSED_FUNCTION = YES;
				GCC_WARN_UNUSED_VARIABLE = YES;
				MACOSX_DEPLOYMENT_TARGET = 10.12;
				MTL_ENABLE_DEBUG_INFO = NO;
				SDKROOT = macosx;
			};
			name = Release;
		};
		16AF7BC11E6E3C5D00E8C502 /* Debug */ = {
			isa = XCBuildConfiguration;
			buildSettings = {
				PRODUCT_NAME = "$(TARGET_NAME)";
			};
			name = Debug;
		};
		16AF7BC21E6E3C5D00E8C502 /* Release */ = {
			isa = XCBuildConfiguration;
			buildSettings = {
				PRODUCT_NAME = "$(TARGET_NAME)";
			};
			name = Release;
		};
/* End XCBuildConfiguration section */

/* Begin XCConfigurationList section */
		16AF7BB41E6E3C5D00E8C502 /* Build configuration list for PBXProject "Exemplo Classes" */ = {
			isa = XCConfigurationList;
			buildConfigurations = (
				16AF7BBE1E6E3C5D00E8C502 /* Debug */,
				16AF7BBF1E6E3C5D00E8C502 /* Release */,
			);
			defaultConfigurationIsVisible = 0;
			defaultConfigurationName = Release;
		};
		16AF7BC01E6E3C5D00E8C502 /* Build configuration list for PBXNativeTarget "Exemplo Classes" */ = {
			isa = XCConfigurationList;
			buildConfigurations = (
				16AF7BC11E6E3C5D00E8C502 /* Debug */,
				16AF7BC21E6E3C5D00E8C502 /* Release */,
			);
			defaultConfigurationIsVisible = 0;
		};
/* End XCConfigurationList section */
	};
	rootObject = 16AF7BB11E6E3C5D00E8C502 /* Project object */;
}
