// !$*UTF8*$!
{
	archiveVersion = 1;
	classes = {
	};
	objectVersion = 46;
	objects = {

/* Begin PBXBuildFile section */
		165EA4101E7773E400B7F74C /* main.m in Sources */ = {isa = PBXBuildFile; fileRef = 165EA40F1E7773E400B7F74C /* main.m */; };
		165EA4181E77740000B7F74C /* Enfermeira.m in Sources */ = {isa = PBXBuildFile; fileRef = 165EA4171E77740000B7F74C /* Enfermeira.m */; };
/* End PBXBuildFile section */

/* Begin PBXCopyFilesBuildPhase section */
		165EA40A1E7773E400B7F74C /* CopyFiles */ = {
			isa = PBXCopyFilesBuildPhase;
			buildActionMask = 2147483647;
			dstPath = /usr/share/man/man1/;
			dstSubfolderSpec = 0;
			files = (
			);
			runOnlyForDeploymentPostprocessing = 1;
		};
/* End PBXCopyFilesBuildPhase section */

/* Begin PBXFileReference section */
		165EA40C1E7773E400B7F74C /* Exercicio_Enfermeira_POO */ = {isa = PBXFileReference; explicitFileType = "compiled.mach-o.executable"; includeInIndex = 0; path = Exercicio_Enfermeira_POO; sourceTree = BUILT_PRODUCTS_DIR; };
		165EA40F1E7773E400B7F74C /* main.m */ = {isa = PBXFileReference; lastKnownFileType = sourcecode.c.objc; path = main.m; sourceTree = "<group>"; };
		165EA4161E77740000B7F74C /* Enfermeira.h */ = {isa = PBXFileReference; fileEncoding = 4; lastKnownFileType = sourcecode.c.h; path = Enfermeira.h; sourceTree = "<group>"; };
		165EA4171E77740000B7F74C /* Enfermeira.m */ = {isa = PBXFileReference; fileEncoding = 4; lastKnownFileType = sourcecode.c.objc; path = Enfermeira.m; sourceTree = "<group>"; };
/* End PBXFileReference section */

/* Begin PBXFrameworksBuildPhase section */
		165EA4091E7773E400B7F74C /* Frameworks */ = {
			isa = PBXFrameworksBuildPhase;
			buildActionMask = 2147483647;
			files = (
			);
			runOnlyForDeploymentPostprocessing = 0;
		};
/* End PBXFrameworksBuildPhase section */

/* Begin PBXGroup section */
		165EA4031E7773E400B7F74C = {
			isa = PBXGroup;
			children = (
				165EA40E1E7773E400B7F74C /* Exercicio_Enfermeira_POO */,
				165EA40D1E7773E400B7F74C /* Products */,
			);
			sourceTree = "<group>";
		};
		165EA40D1E7773E400B7F74C /* Products */ = {
			isa = PBXGroup;
			children = (
				165EA40C1E7773E400B7F74C /* Exercicio_Enfermeira_POO */,
			);
			name = Products;
			sourceTree = "<group>";
		};
		165EA40E1E7773E400B7F74C /* Exercicio_Enfermeira_POO */ = {
			isa = PBXGroup;
			children = (
				165EA40F1E7773E400B7F74C /* main.m */,
				165EA4161E77740000B7F74C /* Enfermeira.h */,
				165EA4171E77740000B7F74C /* Enfermeira.m */,
			);
			path = Exercicio_Enfermeira_POO;
			sourceTree = "<group>";
		};
/* End PBXGroup section */

/* Begin PBXNativeTarget section */
		165EA40B1E7773E400B7F74C /* Exercicio_Enfermeira_POO */ = {
			isa = PBXNativeTarget;
			buildConfigurationList = 165EA4131E7773E400B7F74C /* Build configuration list for PBXNativeTarget "Exercicio_Enfermeira_POO" */;
			buildPhases = (
				165EA4081E7773E400B7F74C /* Sources */,
				165EA4091E7773E400B7F74C /* Frameworks */,
				165EA40A1E7773E400B7F74C /* CopyFiles */,
			);
			buildRules = (
			);
			dependencies = (
			);
			name = Exercicio_Enfermeira_POO;
			productName = Exercicio_Enfermeira_POO;
			productReference = 165EA40C1E7773E400B7F74C /* Exercicio_Enfermeira_POO */;
			productType = "com.apple.product-type.tool";
		};
/* End PBXNativeTarget section */

/* Begin PBXProject section */
		165EA4041E7773E400B7F74C /* Project object */ = {
			isa = PBXProject;
			attributes = {
				LastUpgradeCheck = 0820;
				ORGANIZATIONNAME = "Lucas Tavares";
				TargetAttributes = {
					165EA40B1E7773E400B7F74C = {
						CreatedOnToolsVersion = 8.2.1;
						ProvisioningStyle = Automatic;
					};
				};
			};
			buildConfigurationList = 165EA4071E7773E400B7F74C /* Build configuration list for PBXProject "Exercicio_Enfermeira_POO" */;
			compatibilityVersion = "Xcode 3.2";
			developmentRegion = English;
			hasScannedForEncodings = 0;
			knownRegions = (
				en,
			);
			mainGroup = 165EA4031E7773E400B7F74C;
			productRefGroup = 165EA40D1E7773E400B7F74C /* Products */;
			projectDirPath = "";
			projectRoot = "";
			targets = (
				165EA40B1E7773E400B7F74C /* Exercicio_Enfermeira_POO */,
			);
		};
/* End PBXProject section */

/* Begin PBXSourcesBuildPhase section */
		165EA4081E7773E400B7F74C /* Sources */ = {
			isa = PBXSourcesBuildPhase;
			buildActionMask = 2147483647;
			files = (
				165EA4101E7773E400B7F74C /* main.m in Sources */,
				165EA4181E77740000B7F74C /* Enfermeira.m in Sources */,
			);
			runOnlyForDeploymentPostprocessing = 0;
		};
/* End PBXSourcesBuildPhase section */

/* Begin XCBuildConfiguration section */
		165EA4111E7773E400B7F74C /* Debug */ = {
			isa = XCBuildConfiguration;
			buildSettings = {
				ALWAYS_SEARCH_USER_PATHS = NO;
				CLANG_ANALYZER_NONNULL = YES;
				CLANG_CXX_LANGUAGE_STANDARD = "gnu++0x";
				CLANG_CXX_LIBRARY = "libc++";
				CLANG_ENABLE_MODULES = YES;
				CLANG_ENABLE_OBJC_ARC = YES;
				CLANG_WARN_BOOL_CONVERSION = YES;
				CLANG_WARN_CONSTANT_CONVERSION = YES;
				CLANG_WARN_DIRECT_OBJC_ISA_USAGE = YES_ERROR;
				CLANG_WARN_DOCUMENTATION_COMMENTS = YES;
				CLANG_WARN_EMPTY_BODY = YES;
				CLANG_WARN_ENUM_CONVERSION = YES;
				CLANG_WARN_INFINITE_RECURSION = YES;
				CLANG_WARN_INT_CONVERSION = YES;
				CLANG_WARN_OBJC_ROOT_CLASS = YES_ERROR;
				CLANG_WARN_SUSPICIOUS_MOVE = YES;
				CLANG_WARN_UNREACHABLE_CODE = YES;
				CLANG_WARN__DUPLICATE_METHOD_MATCH = YES;
				CODE_SIGN_IDENTITY = "-";
				COPY_PHASE_STRIP = NO;
				DEBUG_INFORMATION_FORMAT = dwarf;
				ENABLE_STRICT_OBJC_MSGSEND = YES;
				ENABLE_TESTABILITY = YES;
				GCC_C_LANGUAGE_STANDARD = gnu99;
				GCC_DYNAMIC_NO_PIC = NO;
				GCC_NO_COMMON_BLOCKS = YES;
				GCC_OPTIMIZATION_LEVEL = 0;
				GCC_PREPROCESSOR_DEFINITIONS = (
					"DEBUG=1",
					"$(inherited)",
				);
				GCC_WARN_64_TO_32_BIT_CONVERSION = YES;
				GCC_WARN_ABOUT_RETURN_TYPE = YES_ERROR;
				GCC_WARN_UNDECLARED_SELECTOR = YES;
				GCC_WARN_UNINITIALIZED_AUTOS = YES_AGGRESSIVE;
				GCC_WARN_UNUSED_FUNCTION = YES;
				GCC_WARN_UNUSED_VARIABLE = YES;
				MACOSX_DEPLOYMENT_TARGET = 10.12;
				MTL_ENABLE_DEBUG_INFO = YES;
				ONLY_ACTIVE_ARCH = YES;
				SDKROOT = macosx;
			};
			name = Debug;
		};
		165EA4121E7773E400B7F74C /* Release */ = {
			isa = XCBuildConfiguration;
			buildSettings = {
				ALWAYS_SEARCH_USER_PATHS = NO;
				CLANG_ANALYZER_NONNULL = YES;
				CLANG_CXX_LANGUAGE_STANDARD = "gnu++0x";
				CLANG_CXX_LIBRARY = "libc++";
				CLANG_ENABLE_MODULES = YES;
				CLANG_ENABLE_OBJC_ARC = YES;
				CLANG_WARN_BOOL_CONVERSION = YES;
				CLANG_WARN_CONSTANT_CONVERSION = YES;
				CLANG_WARN_DIRECT_OBJC_ISA_USAGE = YES_ERROR;
				CLANG_WARN_DOCUMENTATION_COMMENTS = YES;
				CLANG_WARN_EMPTY_BODY = YES;
				CLANG_WARN_ENUM_CONVERSION = YES;
				CLANG_WARN_INFINITE_RECURSION = YES;
				CLANG_WARN_INT_CONVERSION = YES;
				CLANG_WARN_OBJC_ROOT_CLASS = YES_ERROR;
				CLANG_WARN_SUSPICIOUS_MOVE = YES;
				CLANG_WARN_UNREACHABLE_CODE = YES;
				CLANG_WARN__DUPLICATE_METHOD_MATCH = YES;
				CODE_SIGN_IDENTITY = "-";
				COPY_PHASE_STRIP = NO;
				DEBUG_INFORMATION_FORMAT = "dwarf-with-dsym";
				ENABLE_NS_ASSERTIONS = NO;
				ENABLE_STRICT_OBJC_MSGSEND = YES;
				GCC_C_LANGUAGE_STANDARD = gnu99;
				GCC_NO_COMMON_BLOCKS = YES;
				GCC_WARN_64_TO_32_BIT_CONVERSION = YES;
				GCC_WARN_ABOUT_RETURN_TYPE = YES_ERROR;
				GCC_WARN_UNDECLARED_SELECTOR = YES;
				GCC_WARN_UNINITIALIZED_AUTOS = YES_AGGRESSIVE;
				GCC_WARN_UNUSED_FUNCTION = YES;
				GCC_WARN_UNUSED_VARIABLE = YES;
				MACOSX_DEPLOYMENT_TARGET = 10.12;
				MTL_ENABLE_DEBUG_INFO = NO;
				SDKROOT = macosx;
			};
			name = Release;
		};
		165EA4141E7773E400B7F74C /* Debug */ = {
			isa = XCBuildConfiguration;
			buildSettings = {
				PRODUCT_NAME = "$(TARGET_NAME)";
			};
			name = Debug;
		};
		165EA4151E7773E400B7F74C /* Release */ = {
			isa = XCBuildConfiguration;
			buildSettings = {
				PRODUCT_NAME = "$(TARGET_NAME)";
			};
			name = Release;
		};
/* End XCBuildConfiguration section */

/* Begin XCConfigurationList section */
		165EA4071E7773E400B7F74C /* Build configuration list for PBXProject "Exercicio_Enfermeira_POO" */ = {
			isa = XCConfigurationList;
			buildConfigurations = (
				165EA4111E7773E400B7F74C /* Debug */,
				165EA4121E7773E400B7F74C /* Release */,
			);
			defaultConfigurationIsVisible = 0;
			defaultConfigurationName = Release;
		};
		165EA4131E7773E400B7F74C /* Build configuration list for PBXNativeTarget "Exercicio_Enfermeira_POO" */ = {
			isa = XCConfigurationList;
			buildConfigurations = (
				165EA4141E7773E400B7F74C /* Debug */,
				165EA4151E7773E400B7F74C /* Release */,
			);
			defaultConfigurationIsVisible = 0;
		};
/* End XCConfigurationList section */
	};
	rootObject = 165EA4041E7773E400B7F74C /* Project object */;
}
